
Microsoft Visual Studio Solution File, Format Version 12.00
# Visual Studio 15
VisualStudioVersion = 15.0.27703.2042
MinimumVisualStudioVersion = 10.0.40219.1
Project("{FAE04EC0-301F-11D3-BF4B-00C04F79EFBC}") = "Budgeting", "Budgeting\Budgeting.csproj", "{FA9C96F8-2351-46C2-9645-775F890DE8BB}"
EndProject
Project("{FAE04EC0-301F-11D3-BF4B-00C04F79EFBC}") = "Budgeting.UnitFixtures", "Budgeting.UnitFixtures\Budgeting.UnitFixtures.csproj", "{4E8FE5D1-12C9-43DE-87A6-ADDBA6AB377B}"
EndProject
Global
	GlobalSection(SolutionConfigurationPlatforms) = preSolution
		Debug|Any CPU = Debug|Any CPU
		Release|Any CPU = Release|Any CPU
	EndGlobalSection
	GlobalSection(ProjectConfigurationPlatforms) = postSolution
		{FA9C96F8-2351-46C2-9645-775F890DE8BB}.Debug|Any CPU.ActiveCfg = Debug|Any CPU
		{FA9C96F8-2351-46C2-9645-775F890DE8BB}.Debug|Any CPU.Build.0 = Debug|Any CPU
		{FA9C96F8-2351-46C2-9645-775F890DE8BB}.Release|Any CPU.ActiveCfg = Release|Any CPU
		{FA9C96F8-2351-46C2-9645-775F890DE8BB}.Release|Any CPU.Build.0 = Release|Any CPU
		{4E8FE5D1-12C9-43DE-87A6-ADDBA6AB377B}.Debug|Any CPU.ActiveCfg = Debug|Any CPU
		{4E8FE5D1-12C9-43DE-87A6-ADDBA6AB377B}.Debug|Any CPU.Build.0 = Debug|Any CPU
		{4E8FE5D1-12C9-43DE-87A6-ADDBA6AB377B}.Release|Any CPU.ActiveCfg = Release|Any CPU
		{4E8FE5D1-12C9-43DE-87A6-ADDBA6AB377B}.Release|Any CPU.Build.0 = Release|Any CPU
	EndGlobalSection
	GlobalSection(SolutionProperties) = preSolution
		HideSolutionNode = FALSE
	EndGlobalSection
	GlobalSection(ExtensibilityGlobals) = postSolution
		SolutionGuid = {96EF27D6-1866-4C55-91D7-C8731C5D411D}
	EndGlobalSection
EndGlobal
